// !$*UTF8*$!
{
	archiveVersion = 1;
	classes = {
	};
	objectVersion = 46;
	objects = {

/* Begin PBXBuildFile section */
		20A595EC440D814DFE6C7B72 /* libPods-CommunityBoard.a in Frameworks */ = {isa = PBXBuildFile; fileRef = A58ACBC6F2E9721B9F1DD1F4 /* libPods-CommunityBoard.a */; };
		B309B9341AD4D2E4001A8569 /* vwCustomCell.xib in Resources */ = {isa = PBXBuildFile; fileRef = B309B9331AD4D2E4001A8569 /* vwCustomCell.xib */; };
		B309B9361AD4D445001A8569 /* CustomTableViewCell.swift in Sources */ = {isa = PBXBuildFile; fileRef = B309B9351AD4D445001A8569 /* CustomTableViewCell.swift */; };
		B386A4441ADC786D005882A5 /* PostPinAnnotation.swift in Sources */ = {isa = PBXBuildFile; fileRef = B386A4431ADC786D005882A5 /* PostPinAnnotation.swift */; };
		B3A3DD9A1AD851F90092D43F /* PostViewController.swift in Sources */ = {isa = PBXBuildFile; fileRef = B3A3DD991AD851F90092D43F /* PostViewController.swift */; };
		B3F1F6E21AC769E400D40FD6 /* AddViewController.swift in Sources */ = {isa = PBXBuildFile; fileRef = B3F1F6E11AC769E400D40FD6 /* AddViewController.swift */; };
		BD4F6F601A8BCD8500064EA4 /* AppDelegate.swift in Sources */ = {isa = PBXBuildFile; fileRef = BD4F6F5F1A8BCD8500064EA4 /* AppDelegate.swift */; };
		BD4F6F621A8BCD8500064EA4 /* BaseViewController.swift in Sources */ = {isa = PBXBuildFile; fileRef = BD4F6F611A8BCD8500064EA4 /* BaseViewController.swift */; };
		BD4F6F651A8BCD8500064EA4 /* Main.storyboard in Resources */ = {isa = PBXBuildFile; fileRef = BD4F6F631A8BCD8500064EA4 /* Main.storyboard */; };
		BD4F6F671A8BCD8500064EA4 /* Images.xcassets in Resources */ = {isa = PBXBuildFile; fileRef = BD4F6F661A8BCD8500064EA4 /* Images.xcassets */; };
		BD4F6F6A1A8BCD8500064EA4 /* LaunchScreen.xib in Resources */ = {isa = PBXBuildFile; fileRef = BD4F6F681A8BCD8500064EA4 /* LaunchScreen.xib */; };
		BD4F6F761A8BCD8600064EA4 /* CommunityBoardTests.swift in Sources */ = {isa = PBXBuildFile; fileRef = BD4F6F751A8BCD8600064EA4 /* CommunityBoardTests.swift */; };
		BD4F6F801A8BD5DE00064EA4 /* MainViewController.swift in Sources */ = {isa = PBXBuildFile; fileRef = BD4F6F7F1A8BD5DE00064EA4 /* MainViewController.swift */; };
/* End PBXBuildFile section */

/* Begin PBXContainerItemProxy section */
		BD4F6F701A8BCD8600064EA4 /* PBXContainerItemProxy */ = {
			isa = PBXContainerItemProxy;
			containerPortal = BD4F6F521A8BCD8400064EA4 /* Project object */;
			proxyType = 1;
			remoteGlobalIDString = BD4F6F591A8BCD8400064EA4;
			remoteInfo = CommunityBoard;
		};
/* End PBXContainerItemProxy section */

/* Begin PBXFileReference section */
		3F68E8996BA849FDF6502254 /* Pods-CommunityBoard.release.xcconfig */ = {isa = PBXFileReference; includeInIndex = 1; lastKnownFileType = text.xcconfig; name = "Pods-CommunityBoard.release.xcconfig"; path = "Pods/Target Support Files/Pods-CommunityBoard/Pods-CommunityBoard.release.xcconfig"; sourceTree = "<group>"; };
		A58ACBC6F2E9721B9F1DD1F4 /* libPods-CommunityBoard.a */ = {isa = PBXFileReference; explicitFileType = archive.ar; includeInIndex = 0; path = "libPods-CommunityBoard.a"; sourceTree = BUILT_PRODUCTS_DIR; };
		B309B9331AD4D2E4001A8569 /* vwCustomCell.xib */ = {isa = PBXFileReference; fileEncoding = 4; lastKnownFileType = file.xib; path = vwCustomCell.xib; sourceTree = "<group>"; };
		B309B9351AD4D445001A8569 /* CustomTableViewCell.swift */ = {isa = PBXFileReference; fileEncoding = 4; lastKnownFileType = sourcecode.swift; path = CustomTableViewCell.swift; sourceTree = "<group>"; };
		B30D5A321AAD538200E8B2C3 /* CommunityBoard-Bridging-Header.h */ = {isa = PBXFileReference; lastKnownFileType = sourcecode.c.h; path = "CommunityBoard-Bridging-Header.h"; sourceTree = "<group>"; };
		B386A4431ADC786D005882A5 /* PostPinAnnotation.swift */ = {isa = PBXFileReference; fileEncoding = 4; lastKnownFileType = sourcecode.swift; path = PostPinAnnotation.swift; sourceTree = "<group>"; };
		B3A3DD991AD851F90092D43F /* PostViewController.swift */ = {isa = PBXFileReference; fileEncoding = 4; lastKnownFileType = sourcecode.swift; path = PostViewController.swift; sourceTree = "<group>"; };
		B3F1F6E11AC769E400D40FD6 /* AddViewController.swift */ = {isa = PBXFileReference; fileEncoding = 4; lastKnownFileType = sourcecode.swift; path = AddViewController.swift; sourceTree = "<group>"; };
		BD4F6F5A1A8BCD8400064EA4 /* CommunityBoard.app */ = {isa = PBXFileReference; explicitFileType = wrapper.application; includeInIndex = 0; path = CommunityBoard.app; sourceTree = BUILT_PRODUCTS_DIR; };
		BD4F6F5E1A8BCD8500064EA4 /* Info.plist */ = {isa = PBXFileReference; lastKnownFileType = text.plist.xml; path = Info.plist; sourceTree = "<group>"; };
		BD4F6F5F1A8BCD8500064EA4 /* AppDelegate.swift */ = {isa = PBXFileReference; lastKnownFileType = sourcecode.swift; path = AppDelegate.swift; sourceTree = "<group>"; };
		BD4F6F611A8BCD8500064EA4 /* BaseViewController.swift */ = {isa = PBXFileReference; lastKnownFileType = sourcecode.swift; path = BaseViewController.swift; sourceTree = "<group>"; };
		BD4F6F641A8BCD8500064EA4 /* Base */ = {isa = PBXFileReference; lastKnownFileType = file.storyboard; name = Base; path = Base.lproj/Main.storyboard; sourceTree = "<group>"; };
		BD4F6F661A8BCD8500064EA4 /* Images.xcassets */ = {isa = PBXFileReference; lastKnownFileType = folder.assetcatalog; path = Images.xcassets; sourceTree = "<group>"; };
		BD4F6F691A8BCD8500064EA4 /* Base */ = {isa = PBXFileReference; lastKnownFileType = file.xib; name = Base; path = Base.lproj/LaunchScreen.xib; sourceTree = "<group>"; };
		BD4F6F6F1A8BCD8600064EA4 /* CommunityBoardTests.xctest */ = {isa = PBXFileReference; explicitFileType = wrapper.cfbundle; includeInIndex = 0; path = CommunityBoardTests.xctest; sourceTree = BUILT_PRODUCTS_DIR; };
		BD4F6F741A8BCD8600064EA4 /* Info.plist */ = {isa = PBXFileReference; lastKnownFileType = text.plist.xml; path = Info.plist; sourceTree = "<group>"; };
		BD4F6F751A8BCD8600064EA4 /* CommunityBoardTests.swift */ = {isa = PBXFileReference; lastKnownFileType = sourcecode.swift; path = CommunityBoardTests.swift; sourceTree = "<group>"; };
		BD4F6F7F1A8BD5DE00064EA4 /* MainViewController.swift */ = {isa = PBXFileReference; fileEncoding = 4; lastKnownFileType = sourcecode.swift; path = MainViewController.swift; sourceTree = "<group>"; };
		E061262C91551912AA59179C /* Pods-CommunityBoard.debug.xcconfig */ = {isa = PBXFileReference; includeInIndex = 1; lastKnownFileType = text.xcconfig; name = "Pods-CommunityBoard.debug.xcconfig"; path = "Pods/Target Support Files/Pods-CommunityBoard/Pods-CommunityBoard.debug.xcconfig"; sourceTree = "<group>"; };
/* End PBXFileReference section */

/* Begin PBXFrameworksBuildPhase section */
		BD4F6F571A8BCD8400064EA4 /* Frameworks */ = {
			isa = PBXFrameworksBuildPhase;
			buildActionMask = 2147483647;
			files = (
				20A595EC440D814DFE6C7B72 /* libPods-CommunityBoard.a in Frameworks */,
			);
			runOnlyForDeploymentPostprocessing = 0;
		};
		BD4F6F6C1A8BCD8600064EA4 /* Frameworks */ = {
			isa = PBXFrameworksBuildPhase;
			buildActionMask = 2147483647;
			files = (
			);
			runOnlyForDeploymentPostprocessing = 0;
		};
/* End PBXFrameworksBuildPhase section */

/* Begin PBXGroup section */
		154BDB9309BF76C97FB67DEF /* Pods */ = {
			isa = PBXGroup;
			children = (
				E061262C91551912AA59179C /* Pods-CommunityBoard.debug.xcconfig */,
				3F68E8996BA849FDF6502254 /* Pods-CommunityBoard.release.xcconfig */,
			);
			name = Pods;
			sourceTree = "<group>";
		};
		BD4F6F511A8BCD8400064EA4 = {
			isa = PBXGroup;
			children = (
				BD4F6F5C1A8BCD8400064EA4 /* CommunityBoard */,
				BD4F6F721A8BCD8600064EA4 /* CommunityBoardTests */,
				BD4F6F5B1A8BCD8400064EA4 /* Products */,
				154BDB9309BF76C97FB67DEF /* Pods */,
				C7397BFFE936F175A40B436C /* Frameworks */,
			);
			sourceTree = "<group>";
		};
		BD4F6F5B1A8BCD8400064EA4 /* Products */ = {
			isa = PBXGroup;
			children = (
				BD4F6F5A1A8BCD8400064EA4 /* CommunityBoard.app */,
				BD4F6F6F1A8BCD8600064EA4 /* CommunityBoardTests.xctest */,
			);
			name = Products;
			sourceTree = "<group>";
		};
		BD4F6F5C1A8BCD8400064EA4 /* CommunityBoard */ = {
			isa = PBXGroup;
			children = (
				BD4F6F5F1A8BCD8500064EA4 /* AppDelegate.swift */,
				BD4F6F611A8BCD8500064EA4 /* BaseViewController.swift */,
				BD4F6F7F1A8BD5DE00064EA4 /* MainViewController.swift */,
				B3A3DD991AD851F90092D43F /* PostViewController.swift */,
				B3F1F6E11AC769E400D40FD6 /* AddViewController.swift */,
				B386A4431ADC786D005882A5 /* PostPinAnnotation.swift */,
				B309B9351AD4D445001A8569 /* CustomTableViewCell.swift */,
				B309B9331AD4D2E4001A8569 /* vwCustomCell.xib */,
				BD4F6F631A8BCD8500064EA4 /* Main.storyboard */,
				BD4F6F661A8BCD8500064EA4 /* Images.xcassets */,
				BD4F6F681A8BCD8500064EA4 /* LaunchScreen.xib */,
				BD4F6F5D1A8BCD8500064EA4 /* Supporting Files */,
				B30D5A321AAD538200E8B2C3 /* CommunityBoard-Bridging-Header.h */,
			);
			path = CommunityBoard;
			sourceTree = "<group>";
		};
		BD4F6F5D1A8BCD8500064EA4 /* Supporting Files */ = {
			isa = PBXGroup;
			children = (
				BD4F6F5E1A8BCD8500064EA4 /* Info.plist */,
			);
			name = "Supporting Files";
			sourceTree = "<group>";
		};
		BD4F6F721A8BCD8600064EA4 /* CommunityBoardTests */ = {
			isa = PBXGroup;
			children = (
				BD4F6F751A8BCD8600064EA4 /* CommunityBoardTests.swift */,
				BD4F6F731A8BCD8600064EA4 /* Supporting Files */,
			);
			path = CommunityBoardTests;
			sourceTree = "<group>";
		};
		BD4F6F731A8BCD8600064EA4 /* Supporting Files */ = {
			isa = PBXGroup;
			children = (
				BD4F6F741A8BCD8600064EA4 /* Info.plist */,
			);
			name = "Supporting Files";
			sourceTree = "<group>";
		};
		C7397BFFE936F175A40B436C /* Frameworks */ = {
			isa = PBXGroup;
			children = (
				A58ACBC6F2E9721B9F1DD1F4 /* libPods-CommunityBoard.a */,
			);
			name = Frameworks;
			sourceTree = "<group>";
		};
/* End PBXGroup section */

/* Begin PBXNativeTarget section */
		BD4F6F591A8BCD8400064EA4 /* CommunityBoard */ = {
			isa = PBXNativeTarget;
			buildConfigurationList = BD4F6F791A8BCD8600064EA4 /* Build configuration list for PBXNativeTarget "CommunityBoard" */;
			buildPhases = (
				9D2B05686A4CD924BECD3B0B /* Check Pods Manifest.lock */,
				BD4F6F561A8BCD8400064EA4 /* Sources */,
				BD4F6F571A8BCD8400064EA4 /* Frameworks */,
				BD4F6F581A8BCD8400064EA4 /* Resources */,
				BA65B03BDCEFD8303A36295E /* Copy Pods Resources */,
			);
			buildRules = (
			);
			dependencies = (
			);
			name = CommunityBoard;
			productName = CommunityBoard;
			productReference = BD4F6F5A1A8BCD8400064EA4 /* CommunityBoard.app */;
			productType = "com.apple.product-type.application";
		};
		BD4F6F6E1A8BCD8600064EA4 /* CommunityBoardTests */ = {
			isa = PBXNativeTarget;
			buildConfigurationList = BD4F6F7C1A8BCD8600064EA4 /* Build configuration list for PBXNativeTarget "CommunityBoardTests" */;
			buildPhases = (
				BD4F6F6B1A8BCD8600064EA4 /* Sources */,
				BD4F6F6C1A8BCD8600064EA4 /* Frameworks */,
				BD4F6F6D1A8BCD8600064EA4 /* Resources */,
			);
			buildRules = (
			);
			dependencies = (
				BD4F6F711A8BCD8600064EA4 /* PBXTargetDependency */,
			);
			name = CommunityBoardTests;
			productName = CommunityBoardTests;
			productReference = BD4F6F6F1A8BCD8600064EA4 /* CommunityBoardTests.xctest */;
			productType = "com.apple.product-type.bundle.unit-test";
		};
/* End PBXNativeTarget section */

/* Begin PBXProject section */
		BD4F6F521A8BCD8400064EA4 /* Project object */ = {
			isa = PBXProject;
			attributes = {
				LastUpgradeCheck = 0610;
				ORGANIZATIONNAME = MAD;
				TargetAttributes = {
					BD4F6F591A8BCD8400064EA4 = {
						CreatedOnToolsVersion = 6.1.1;
					};
					BD4F6F6E1A8BCD8600064EA4 = {
						CreatedOnToolsVersion = 6.1.1;
						TestTargetID = BD4F6F591A8BCD8400064EA4;
					};
				};
			};
			buildConfigurationList = BD4F6F551A8BCD8400064EA4 /* Build configuration list for PBXProject "CommunityBoard" */;
			compatibilityVersion = "Xcode 3.2";
			developmentRegion = English;
			hasScannedForEncodings = 0;
			knownRegions = (
				en,
				Base,
			);
			mainGroup = BD4F6F511A8BCD8400064EA4;
			productRefGroup = BD4F6F5B1A8BCD8400064EA4 /* Products */;
			projectDirPath = "";
			projectRoot = "";
			targets = (
				BD4F6F591A8BCD8400064EA4 /* CommunityBoard */,
				BD4F6F6E1A8BCD8600064EA4 /* CommunityBoardTests */,
			);
		};
/* End PBXProject section */

/* Begin PBXResourcesBuildPhase section */
		BD4F6F581A8BCD8400064EA4 /* Resources */ = {
			isa = PBXResourcesBuildPhase;
			buildActionMask = 2147483647;
			files = (
				BD4F6F651A8BCD8500064EA4 /* Main.storyboard in Resources */,
				B309B9341AD4D2E4001A8569 /* vwCustomCell.xib in Resources */,
				BD4F6F6A1A8BCD8500064EA4 /* LaunchScreen.xib in Resources */,
				BD4F6F671A8BCD8500064EA4 /* Images.xcassets in Resources */,
			);
			runOnlyForDeploymentPostprocessing = 0;
		};
		BD4F6F6D1A8BCD8600064EA4 /* Resources */ = {
			isa = PBXResourcesBuildPhase;
			buildActionMask = 2147483647;
			files = (
			);
			runOnlyForDeploymentPostprocessing = 0;
		};
/* End PBXResourcesBuildPhase section */

/* Begin PBXShellScriptBuildPhase section */
		9D2B05686A4CD924BECD3B0B /* Check Pods Manifest.lock */ = {
			isa = PBXShellScriptBuildPhase;
			buildActionMask = 2147483647;
			files = (
			);
			inputPaths = (
			);
			name = "Check Pods Manifest.lock";
			outputPaths = (
			);
			runOnlyForDeploymentPostprocessing = 0;
			shellPath = /bin/sh;
			shellScript = "diff \"${PODS_ROOT}/../Podfile.lock\" \"${PODS_ROOT}/Manifest.lock\" > /dev/null\nif [[ $? != 0 ]] ; then\n    cat << EOM\nerror: The sandbox is not in sync with the Podfile.lock. Run 'pod install' or update your CocoaPods installation.\nEOM\n    exit 1\nfi\n";
			showEnvVarsInLog = 0;
		};
		BA65B03BDCEFD8303A36295E /* Copy Pods Resources */ = {
			isa = PBXShellScriptBuildPhase;
			buildActionMask = 2147483647;
			files = (
			);
			inputPaths = (
			);
			name = "Copy Pods Resources";
			outputPaths = (
			);
			runOnlyForDeploymentPostprocessing = 0;
			shellPath = /bin/sh;
			shellScript = "\"${SRCROOT}/Pods/Target Support Files/Pods-CommunityBoard/Pods-CommunityBoard-resources.sh\"\n";
			showEnvVarsInLog = 0;
		};
/* End PBXShellScriptBuildPhase section */

/* Begin PBXSourcesBuildPhase section */
		BD4F6F561A8BCD8400064EA4 /* Sources */ = {
			isa = PBXSourcesBuildPhase;
			buildActionMask = 2147483647;
			files = (
				B3A3DD9A1AD851F90092D43F /* PostViewController.swift in Sources */,
				B3F1F6E21AC769E400D40FD6 /* AddViewController.swift in Sources */,
				B309B9361AD4D445001A8569 /* CustomTableViewCell.swift in Sources */,
				BD4F6F621A8BCD8500064EA4 /* BaseViewController.swift in Sources */,
				BD4F6F801A8BD5DE00064EA4 /* MainViewController.swift in Sources */,
				BD4F6F601A8BCD8500064EA4 /* AppDelegate.swift in Sources */,
				B386A4441ADC786D005882A5 /* PostPinAnnotation.swift in Sources */,
			);
			runOnlyForDeploymentPostprocessing = 0;
		};
		BD4F6F6B1A8BCD8600064EA4 /* Sources */ = {
			isa = PBXSourcesBuildPhase;
			buildActionMask = 2147483647;
			files = (
				BD4F6F761A8BCD8600064EA4 /* CommunityBoardTests.swift in Sources */,
			);
			runOnlyForDeploymentPostprocessing = 0;
		};
/* End PBXSourcesBuildPhase section */

/* Begin PBXTargetDependency section */
		BD4F6F711A8BCD8600064EA4 /* PBXTargetDependency */ = {
			isa = PBXTargetDependency;
			target = BD4F6F591A8BCD8400064EA4 /* CommunityBoard */;
			targetProxy = BD4F6F701A8BCD8600064EA4 /* PBXContainerItemProxy */;
		};
/* End PBXTargetDependency section */

/* Begin PBXVariantGroup section */
		BD4F6F631A8BCD8500064EA4 /* Main.storyboard */ = {
			isa = PBXVariantGroup;
			children = (
				BD4F6F641A8BCD8500064EA4 /* Base */,
			);
			name = Main.storyboard;
			sourceTree = "<group>";
		};
		BD4F6F681A8BCD8500064EA4 /* LaunchScreen.xib */ = {
			isa = PBXVariantGroup;
			children = (
				BD4F6F691A8BCD8500064EA4 /* Base */,
			);
			name = LaunchScreen.xib;
			sourceTree = "<group>";
		};
/* End PBXVariantGroup section */

/* Begin XCBuildConfiguration section */
		BD4F6F771A8BCD8600064EA4 /* Debug */ = {
			isa = XCBuildConfiguration;
			buildSettings = {
				ALWAYS_SEARCH_USER_PATHS = NO;
				CLANG_CXX_LANGUAGE_STANDARD = "gnu++0x";
				CLANG_CXX_LIBRARY = "libc++";
				CLANG_ENABLE_MODULES = YES;
				CLANG_ENABLE_OBJC_ARC = YES;
				CLANG_WARN_BOOL_CONVERSION = YES;
				CLANG_WARN_CONSTANT_CONVERSION = YES;
				CLANG_WARN_DIRECT_OBJC_ISA_USAGE = YES_ERROR;
				CLANG_WARN_EMPTY_BODY = YES;
				CLANG_WARN_ENUM_CONVERSION = YES;
				CLANG_WARN_INT_CONVERSION = YES;
				CLANG_WARN_OBJC_ROOT_CLASS = YES_ERROR;
				CLANG_WARN_UNREACHABLE_CODE = YES;
				CLANG_WARN__DUPLICATE_METHOD_MATCH = YES;
				"CODE_SIGN_IDENTITY[sdk=iphoneos*]" = "iPhone Developer";
				COPY_PHASE_STRIP = NO;
				ENABLE_STRICT_OBJC_MSGSEND = YES;
				GCC_C_LANGUAGE_STANDARD = gnu99;
				GCC_DYNAMIC_NO_PIC = NO;
				GCC_OPTIMIZATION_LEVEL = 0;
				GCC_PREPROCESSOR_DEFINITIONS = (
					"DEBUG=1",
					"$(inherited)",
				);
				GCC_SYMBOLS_PRIVATE_EXTERN = NO;
				GCC_WARN_64_TO_32_BIT_CONVERSION = YES;
				GCC_WARN_ABOUT_RETURN_TYPE = YES_ERROR;
				GCC_WARN_UNDECLARED_SELECTOR = YES;
				GCC_WARN_UNINITIALIZED_AUTOS = YES_AGGRESSIVE;
				GCC_WARN_UNUSED_FUNCTION = YES;
				GCC_WARN_UNUSED_VARIABLE = YES;
				IPHONEOS_DEPLOYMENT_TARGET = 8.1;
				MTL_ENABLE_DEBUG_INFO = YES;
				ONLY_ACTIVE_ARCH = YES;
				SDKROOT = iphoneos;
				SWIFT_OPTIMIZATION_LEVEL = "-Onone";
			};
			name = Debug;
		};
		BD4F6F781A8BCD8600064EA4 /* Release */ = {
			isa = XCBuildConfiguration;
			buildSettings = {
				ALWAYS_SEARCH_USER_PATHS = NO;
				CLANG_CXX_LANGUAGE_STANDARD = "gnu++0x";
				CLANG_CXX_LIBRARY = "libc++";
				CLANG_ENABLE_MODULES = YES;
				CLANG_ENABLE_OBJC_ARC = YES;
				CLANG_WARN_BOOL_CONVERSION = YES;
				CLANG_WARN_CONSTANT_CONVERSION = YES;
				CLANG_WARN_DIRECT_OBJC_ISA_USAGE = YES_ERROR;
				CLANG_WARN_EMPTY_BODY = YES;
				CLANG_WARN_ENUM_CONVERSION = YES;
				CLANG_WARN_INT_CONVERSION = YES;
				CLANG_WARN_OBJC_ROOT_CLASS = YES_ERROR;
				CLANG_WARN_UNREACHABLE_CODE = YES;
				CLANG_WARN__DUPLICATE_METHOD_MATCH = YES;
				"CODE_SIGN_IDENTITY[sdk=iphoneos*]" = "iPhone Developer";
				COPY_PHASE_STRIP = YES;
				ENABLE_NS_ASSERTIONS = NO;
				ENABLE_STRICT_OBJC_MSGSEND = YES;
				GCC_C_LANGUAGE_STANDARD = gnu99;
				GCC_WARN_64_TO_32_BIT_CONVERSION = YES;
				GCC_WARN_ABOUT_RETURN_TYPE = YES_ERROR;
				GCC_WARN_UNDECLARED_SELECTOR = YES;
				GCC_WARN_UNINITIALIZED_AUTOS = YES_AGGRESSIVE;
				GCC_WARN_UNUSED_FUNCTION = YES;
				GCC_WARN_UNUSED_VARIABLE = YES;
				IPHONEOS_DEPLOYMENT_TARGET = 8.1;
				MTL_ENABLE_DEBUG_INFO = NO;
				SDKROOT = iphoneos;
				VALIDATE_PRODUCT = YES;
			};
			name = Release;
		};
		BD4F6F7A1A8BCD8600064EA4 /* Debug */ = {
			isa = XCBuildConfiguration;
			baseConfigurationReference = E061262C91551912AA59179C /* Pods-CommunityBoard.debug.xcconfig */;
			buildSettings = {
				ASSETCATALOG_COMPILER_APPICON_NAME = AppIcon;
				CLANG_ENABLE_MODULES = YES;
				INFOPLIST_FILE = CommunityBoard/Info.plist;
				LD_RUNPATH_SEARCH_PATHS = "$(inherited) @executable_path/Frameworks";
				PRODUCT_NAME = "$(TARGET_NAME)";
				SWIFT_OBJC_BRIDGING_HEADER = "CommunityBoard/CommunityBoard-Bridging-Header.h";
				SWIFT_OPTIMIZATION_LEVEL = "-Onone";
			};
			name = Debug;
		};
		BD4F6F7B1A8BCD8600064EA4 /* Release */ = {
			isa = XCBuildConfiguration;
			baseConfigurationReference = 3F68E8996BA849FDF6502254 /* Pods-CommunityBoard.release.xcconfig */;
			buildSettings = {
				ASSETCATALOG_COMPILER_APPICON_NAME = AppIcon;
				CLANG_ENABLE_MODULES = YES;
				INFOPLIST_FILE = CommunityBoard/Info.plist;
				LD_RUNPATH_SEARCH_PATHS = "$(inherited) @executable_path/Frameworks";
				PRODUCT_NAME = "$(TARGET_NAME)";
				SWIFT_OBJC_BRIDGING_HEADER = "CommunityBoard/CommunityBoard-Bridging-Header.h";
			};
			name = Release;
		};
		BD4F6F7D1A8BCD8600064EA4 /* Debug */ = {
			isa = XCBuildConfiguration;
			buildSettings = {
				BUNDLE_LOADER = "$(TEST_HOST)";
				FRAMEWORK_SEARCH_PATHS = (
					"$(SDKROOT)/Developer/Library/Frameworks",
					"$(inherited)",
				);
				GCC_PREPROCESSOR_DEFINITIONS = (
					"DEBUG=1",
					"$(inherited)",
				);
				INFOPLIST_FILE = CommunityBoardTests/Info.plist;
				LD_RUNPATH_SEARCH_PATHS = "$(inherited) @executable_path/Frameworks @loader_path/Frameworks";
				PRODUCT_NAME = "$(TARGET_NAME)";
				TEST_HOST = "$(BUILT_PRODUCTS_DIR)/CommunityBoard.app/CommunityBoard";
			};
			name = Debug;
		};
		BD4F6F7E1A8BCD8600064EA4 /* Release */ = {
			isa = XCBuildConfiguration;
			buildSettings = {
				BUNDLE_LOADER = "$(TEST_HOST)";
				FRAMEWORK_SEARCH_PATHS = (
					"$(SDKROOT)/Developer/Library/Frameworks",
					"$(inherited)",
				);
				INFOPLIST_FILE = CommunityBoardTests/Info.plist;
				LD_RUNPATH_SEARCH_PATHS = "$(inherited) @executable_path/Frameworks @loader_path/Frameworks";
				PRODUCT_NAME = "$(TARGET_NAME)";
				TEST_HOST = "$(BUILT_PRODUCTS_DIR)/CommunityBoard.app/CommunityBoard";
			};
			name = Release;
		};
/* End XCBuildConfiguration section */

/* Begin XCConfigurationList section */
		BD4F6F551A8BCD8400064EA4 /* Build configuration list for PBXProject "CommunityBoard" */ = {
			isa = XCConfigurationList;
			buildConfigurations = (
				BD4F6F771A8BCD8600064EA4 /* Debug */,
				BD4F6F781A8BCD8600064EA4 /* Release */,
			);
			defaultConfigurationIsVisible = 0;
			defaultConfigurationName = Release;
		};
		BD4F6F791A8BCD8600064EA4 /* Build configuration list for PBXNativeTarget "CommunityBoard" */ = {
			isa = XCConfigurationList;
			buildConfigurations = (
				BD4F6F7A1A8BCD8600064EA4 /* Debug */,
				BD4F6F7B1A8BCD8600064EA4 /* Release */,
			);
			defaultConfigurationIsVisible = 0;
			defaultConfigurationName = Release;
		};
		BD4F6F7C1A8BCD8600064EA4 /* Build configuration list for PBXNativeTarget "CommunityBoardTests" */ = {
			isa = XCConfigurationList;
			buildConfigurations = (
				BD4F6F7D1A8BCD8600064EA4 /* Debug */,
				BD4F6F7E1A8BCD8600064EA4 /* Release */,
			);
			defaultConfigurationIsVisible = 0;
			defaultConfigurationName = Release;
		};
/* End XCConfigurationList section */
	};
	rootObject = BD4F6F521A8BCD8400064EA4 /* Project object */;
}
